
Microsoft Visual Studio Solution File, Format Version 12.00
# Visual Studio 15
VisualStudioVersion = 15.0.27428.2037
MinimumVisualStudioVersion = 10.0.40219.1
Project("{FAE04EC0-301F-11D3-BF4B-00C04F79EFBC}") = "SammysAuto", "SammysAuto\SammysAuto.csproj", "{148789EB-7B0F-4B74-A4CA-CE0C65243D65}"
EndProject
Global
	GlobalSection(SolutionConfigurationPlatforms) = preSolution
		Debug|Any CPU = Debug|Any CPU
		Release|Any CPU = Release|Any CPU
	EndGlobalSection
	GlobalSection(ProjectConfigurationPlatforms) = postSolution
		{148789EB-7B0F-4B74-A4CA-CE0C65243D65}.Debug|Any CPU.ActiveCfg = Debug|Any CPU
		{148789EB-7B0F-4B74-A4CA-CE0C65243D65}.Debug|Any CPU.Build.0 = Debug|Any CPU
		{148789EB-7B0F-4B74-A4CA-CE0C65243D65}.Release|Any CPU.ActiveCfg = Release|Any CPU
		{148789EB-7B0F-4B74-A4CA-CE0C65243D65}.Release|Any CPU.Build.0 = Release|Any CPU
	EndGlobalSection
	GlobalSection(SolutionProperties) = preSolution
		HideSolutionNode = FALSE
	EndGlobalSection
	GlobalSection(ExtensibilityGlobals) = postSolution
		SolutionGuid = {1414E682-5861-4C42-A605-83E41E9315E4}
	EndGlobalSection
EndGlobal
